
Microsoft Visual Studio Solution File, Format Version 12.00
# Visual Studio Version 17
VisualStudioVersion = 17.5.33424.131
MinimumVisualStudioVersion = 10.0.40219.1
Project("{FAE04EC0-301F-11D3-BF4B-00C04F79EFBC}") = "ABG_HR_KPI", "ABG_HR_KPI\ABG_HR_KPI.csproj", "{1EBD609F-1043-4770-B5F5-245EE9E21CD2}"
EndProject
Global
	GlobalSection(SolutionConfigurationPlatforms) = preSolution
		Debug|Any CPU = Debug|Any CPU
		Release|Any CPU = Release|Any CPU
	EndGlobalSection
	GlobalSection(ProjectConfigurationPlatforms) = postSolution
		{1EBD609F-1043-4770-B5F5-245EE9E21CD2}.Debug|Any CPU.ActiveCfg = Debug|Any CPU
		{1EBD609F-1043-4770-B5F5-245EE9E21CD2}.Debug|Any CPU.Build.0 = Debug|Any CPU
		{1EBD609F-1043-4770-B5F5-245EE9E21CD2}.Release|Any CPU.ActiveCfg = Release|Any CPU
		{1EBD609F-1043-4770-B5F5-245EE9E21CD2}.Release|Any CPU.Build.0 = Release|Any CPU
	EndGlobalSection
	GlobalSection(SolutionProperties) = preSolution
		HideSolutionNode = FALSE
	EndGlobalSection
	GlobalSection(ExtensibilityGlobals) = postSolution
		SolutionGuid = {75878897-F44E-40CD-B564-5A45CD8AEEF5}
	EndGlobalSection
EndGlobal
